<Solution>
  <Folder Name="/Simulation/">
    <Project Path="Ssalddel.Simulation.Contracts/Ssalddel.Simulation.Contracts.csproj" />
    <Project Path="Ssalddel.Simulation.Domain/Ssalddel.Simulation.Domain.csproj" />
    <Project Path="Ssalddel.Simulation.Server/Ssalddel.Simulation.Server.csproj" />
  </Folder>
  <Folder Name="/Workflow Rules/">
    <Project Path="Ssalddel.WorkflowRules.Contracts/Ssalddel.WorkflowRules.Contracts.csproj" />
    <Project Path="Ssalddel.WorkflowRules/Ssalddel.WorkflowRules.csproj" />
  </Folder>
  <Folder Name="/Tests/">
    <Project Path="Ssalddel.Simulation.Tests/Ssalddel.Simulation.Tests.csproj" />
  </Folder>
</Solution>
